
Microsoft Visual Studio Solution File, Format Version 12.00
# Visual Studio Version 16
VisualStudioVersion = 16.0.30523.141
MinimumVisualStudioVersion = 10.0.40219.1
Project("{FAE04EC0-301F-11D3-BF4B-00C04F79EFBC}") = "BulkyWeb", "BulkyWeb\BulkyWeb.csproj", "{CD511568-3E5B-47F9-BD28-0DF13263FE24}"
EndProject
Global
	GlobalSection(SolutionConfigurationPlatforms) = preSolution
		Debug|Any CPU = Debug|Any CPU
		Release|Any CPU = Release|Any CPU
	EndGlobalSection
	GlobalSection(ProjectConfigurationPlatforms) = postSolution
		{CD511568-3E5B-47F9-BD28-0DF13263FE24}.Debug|Any CPU.ActiveCfg = Debug|Any CPU
		{CD511568-3E5B-47F9-BD28-0DF13263FE24}.Debug|Any CPU.Build.0 = Debug|Any CPU
		{CD511568-3E5B-47F9-BD28-0DF13263FE24}.Release|Any CPU.ActiveCfg = Release|Any CPU
		{CD511568-3E5B-47F9-BD28-0DF13263FE24}.Release|Any CPU.Build.0 = Release|Any CPU
	EndGlobalSection
	GlobalSection(SolutionProperties) = preSolution
		HideSolutionNode = FALSE
	EndGlobalSection
	GlobalSection(ExtensibilityGlobals) = postSolution
		SolutionGuid = {255BB1AA-ADCF-4DB2-BA6F-229F1CFE6E56}
	EndGlobalSection
EndGlobal
